// !$*UTF8*$!
{
	archiveVersion = 1;
	classes = {
	};
	objectVersion = 50;
	objects = {

/* Begin PBXBuildFile section */
		049DB9872418241000CB0D4D /* AppDelegate.swift in Sources */ = {isa = PBXBuildFile; fileRef = 049DB9862418241000CB0D4D /* AppDelegate.swift */; };
		049DB9892418241000CB0D4D /* SceneDelegate.swift in Sources */ = {isa = PBXBuildFile; fileRef = 049DB9882418241000CB0D4D /* SceneDelegate.swift */; };
		049DB98B2418241000CB0D4D /* ViewController.swift in Sources */ = {isa = PBXBuildFile; fileRef = 049DB98A2418241000CB0D4D /* ViewController.swift */; };
		049DB98E2418241000CB0D4D /* Main.storyboard in Resources */ = {isa = PBXBuildFile; fileRef = 049DB98C2418241000CB0D4D /* Main.storyboard */; };
		049DB9912418241000CB0D4D /* SKIER.xcdatamodeld in Sources */ = {isa = PBXBuildFile; fileRef = 049DB98F2418241000CB0D4D /* SKIER.xcdatamodeld */; };
		049DB9932418241100CB0D4D /* Assets.xcassets in Resources */ = {isa = PBXBuildFile; fileRef = 049DB9922418241100CB0D4D /* Assets.xcassets */; };
		049DB9962418241100CB0D4D /* LaunchScreen.storyboard in Resources */ = {isa = PBXBuildFile; fileRef = 049DB9942418241100CB0D4D /* LaunchScreen.storyboard */; };
		049DB9A12418241100CB0D4D /* SKIERTests.swift in Sources */ = {isa = PBXBuildFile; fileRef = 049DB9A02418241100CB0D4D /* SKIERTests.swift */; };
		049DB9AC2418241100CB0D4D /* SKIERUITests.swift in Sources */ = {isa = PBXBuildFile; fileRef = 049DB9AB2418241100CB0D4D /* SKIERUITests.swift */; };
/* End PBXBuildFile section */

/* Begin PBXContainerItemProxy section */
		049DB99D2418241100CB0D4D /* PBXContainerItemProxy */ = {
			isa = PBXContainerItemProxy;
			containerPortal = 049DB97B2418241000CB0D4D /* Project object */;
			proxyType = 1;
			remoteGlobalIDString = 049DB9822418241000CB0D4D;
			remoteInfo = SKIER;
		};
		049DB9A82418241100CB0D4D /* PBXContainerItemProxy */ = {
			isa = PBXContainerItemProxy;
			containerPortal = 049DB97B2418241000CB0D4D /* Project object */;
			proxyType = 1;
			remoteGlobalIDString = 049DB9822418241000CB0D4D;
			remoteInfo = SKIER;
		};
/* End PBXContainerItemProxy section */

/* Begin PBXFileReference section */
		049DB9832418241000CB0D4D /* SKIER.app */ = {isa = PBXFileReference; explicitFileType = wrapper.application; includeInIndex = 0; path = SKIER.app; sourceTree = BUILT_PRODUCTS_DIR; };
		049DB9862418241000CB0D4D /* AppDelegate.swift */ = {isa = PBXFileReference; lastKnownFileType = sourcecode.swift; path = AppDelegate.swift; sourceTree = "<group>"; };
		049DB9882418241000CB0D4D /* SceneDelegate.swift */ = {isa = PBXFileReference; lastKnownFileType = sourcecode.swift; path = SceneDelegate.swift; sourceTree = "<group>"; };
		049DB98A2418241000CB0D4D /* ViewController.swift */ = {isa = PBXFileReference; lastKnownFileType = sourcecode.swift; path = ViewController.swift; sourceTree = "<group>"; };
		049DB98D2418241000CB0D4D /* Base */ = {isa = PBXFileReference; lastKnownFileType = file.storyboard; name = Base; path = Base.lproj/Main.storyboard; sourceTree = "<group>"; };
		049DB9902418241000CB0D4D /* SKIER.xcdatamodel */ = {isa = PBXFileReference; lastKnownFileType = wrapper.xcdatamodel; path = SKIER.xcdatamodel; sourceTree = "<group>"; };
		049DB9922418241100CB0D4D /* Assets.xcassets */ = {isa = PBXFileReference; lastKnownFileType = folder.assetcatalog; path = Assets.xcassets; sourceTree = "<group>"; };
		049DB9952418241100CB0D4D /* Base */ = {isa = PBXFileReference; lastKnownFileType = file.storyboard; name = Base; path = Base.lproj/LaunchScreen.storyboard; sourceTree = "<group>"; };
		049DB9972418241100CB0D4D /* Info.plist */ = {isa = PBXFileReference; lastKnownFileType = text.plist.xml; path = Info.plist; sourceTree = "<group>"; };
		049DB99C2418241100CB0D4D /* SKIERTests.xctest */ = {isa = PBXFileReference; explicitFileType = wrapper.cfbundle; includeInIndex = 0; path = SKIERTests.xctest; sourceTree = BUILT_PRODUCTS_DIR; };
		049DB9A02418241100CB0D4D /* SKIERTests.swift */ = {isa = PBXFileReference; lastKnownFileType = sourcecode.swift; path = SKIERTests.swift; sourceTree = "<group>"; };
		049DB9A22418241100CB0D4D /* Info.plist */ = {isa = PBXFileReference; lastKnownFileType = text.plist.xml; path = Info.plist; sourceTree = "<group>"; };
		049DB9A72418241100CB0D4D /* SKIERUITests.xctest */ = {isa = PBXFileReference; explicitFileType = wrapper.cfbundle; includeInIndex = 0; path = SKIERUITests.xctest; sourceTree = BUILT_PRODUCTS_DIR; };
		049DB9AB2418241100CB0D4D /* SKIERUITests.swift */ = {isa = PBXFileReference; lastKnownFileType = sourcecode.swift; path = SKIERUITests.swift; sourceTree = "<group>"; };
		049DB9AD2418241100CB0D4D /* Info.plist */ = {isa = PBXFileReference; lastKnownFileType = text.plist.xml; path = Info.plist; sourceTree = "<group>"; };
/* End PBXFileReference section */

/* Begin PBXFrameworksBuildPhase section */
		049DB9802418241000CB0D4D /* Frameworks */ = {
			isa = PBXFrameworksBuildPhase;
			buildActionMask = 2147483647;
			files = (
			);
			runOnlyForDeploymentPostprocessing = 0;
		};
		049DB9992418241100CB0D4D /* Frameworks */ = {
			isa = PBXFrameworksBuildPhase;
			buildActionMask = 2147483647;
			files = (
			);
			runOnlyForDeploymentPostprocessing = 0;
		};
		049DB9A42418241100CB0D4D /* Frameworks */ = {
			isa = PBXFrameworksBuildPhase;
			buildActionMask = 2147483647;
			files = (
			);
			runOnlyForDeploymentPostprocessing = 0;
		};
/* End PBXFrameworksBuildPhase section */

/* Begin PBXGroup section */
		049DB97A2418241000CB0D4D = {
			isa = PBXGroup;
			children = (
				049DB9852418241000CB0D4D /* SKIER */,
				049DB99F2418241100CB0D4D /* SKIERTests */,
				049DB9AA2418241100CB0D4D /* SKIERUITests */,
				049DB9842418241000CB0D4D /* Products */,
			);
			sourceTree = "<group>";
		};
		049DB9842418241000CB0D4D /* Products */ = {
			isa = PBXGroup;
			children = (
				049DB9832418241000CB0D4D /* SKIER.app */,
				049DB99C2418241100CB0D4D /* SKIERTests.xctest */,
				049DB9A72418241100CB0D4D /* SKIERUITests.xctest */,
			);
			name = Products;
			sourceTree = "<group>";
		};
		049DB9852418241000CB0D4D /* SKIER */ = {
			isa = PBXGroup;
			children = (
				049DB9862418241000CB0D4D /* AppDelegate.swift */,
				049DB9882418241000CB0D4D /* SceneDelegate.swift */,
				049DB98A2418241000CB0D4D /* ViewController.swift */,
				049DB98C2418241000CB0D4D /* Main.storyboard */,
				049DB9922418241100CB0D4D /* Assets.xcassets */,
				049DB9942418241100CB0D4D /* LaunchScreen.storyboard */,
				049DB9972418241100CB0D4D /* Info.plist */,
				049DB98F2418241000CB0D4D /* SKIER.xcdatamodeld */,
			);
			path = SKIER;
			sourceTree = "<group>";
		};
		049DB99F2418241100CB0D4D /* SKIERTests */ = {
			isa = PBXGroup;
			children = (
				049DB9A02418241100CB0D4D /* SKIERTests.swift */,
				049DB9A22418241100CB0D4D /* Info.plist */,
			);
			path = SKIERTests;
			sourceTree = "<group>";
		};
		049DB9AA2418241100CB0D4D /* SKIERUITests */ = {
			isa = PBXGroup;
			children = (
				049DB9AB2418241100CB0D4D /* SKIERUITests.swift */,
				049DB9AD2418241100CB0D4D /* Info.plist */,
			);
			path = SKIERUITests;
			sourceTree = "<group>";
		};
/* End PBXGroup section */

/* Begin PBXNativeTarget section */
		049DB9822418241000CB0D4D /* SKIER */ = {
			isa = PBXNativeTarget;
			buildConfigurationList = 049DB9B02418241100CB0D4D /* Build configuration list for PBXNativeTarget "SKIER" */;
			buildPhases = (
				049DB97F2418241000CB0D4D /* Sources */,
				049DB9802418241000CB0D4D /* Frameworks */,
				049DB9812418241000CB0D4D /* Resources */,
			);
			buildRules = (
			);
			dependencies = (
			);
			name = SKIER;
			productName = SKIER;
			productReference = 049DB9832418241000CB0D4D /* SKIER.app */;
			productType = "com.apple.product-type.application";
		};
		049DB99B2418241100CB0D4D /* SKIERTests */ = {
			isa = PBXNativeTarget;
			buildConfigurationList = 049DB9B32418241100CB0D4D /* Build configuration list for PBXNativeTarget "SKIERTests" */;
			buildPhases = (
				049DB9982418241100CB0D4D /* Sources */,
				049DB9992418241100CB0D4D /* Frameworks */,
				049DB99A2418241100CB0D4D /* Resources */,
			);
			buildRules = (
			);
			dependencies = (
				049DB99E2418241100CB0D4D /* PBXTargetDependency */,
			);
			name = SKIERTests;
			productName = SKIERTests;
			productReference = 049DB99C2418241100CB0D4D /* SKIERTests.xctest */;
			productType = "com.apple.product-type.bundle.unit-test";
		};
		049DB9A62418241100CB0D4D /* SKIERUITests */ = {
			isa = PBXNativeTarget;
			buildConfigurationList = 049DB9B62418241100CB0D4D /* Build configuration list for PBXNativeTarget "SKIERUITests" */;
			buildPhases = (
				049DB9A32418241100CB0D4D /* Sources */,
				049DB9A42418241100CB0D4D /* Frameworks */,
				049DB9A52418241100CB0D4D /* Resources */,
			);
			buildRules = (
			);
			dependencies = (
				049DB9A92418241100CB0D4D /* PBXTargetDependency */,
			);
			name = SKIERUITests;
			productName = SKIERUITests;
			productReference = 049DB9A72418241100CB0D4D /* SKIERUITests.xctest */;
			productType = "com.apple.product-type.bundle.ui-testing";
		};
/* End PBXNativeTarget section */

/* Begin PBXProject section */
		049DB97B2418241000CB0D4D /* Project object */ = {
			isa = PBXProject;
			attributes = {
				LastSwiftUpdateCheck = 1130;
				LastUpgradeCheck = 1130;
				ORGANIZATIONNAME = cazakh;
				TargetAttributes = {
					049DB9822418241000CB0D4D = {
						CreatedOnToolsVersion = 11.3.1;
					};
					049DB99B2418241100CB0D4D = {
						CreatedOnToolsVersion = 11.3.1;
						TestTargetID = 049DB9822418241000CB0D4D;
					};
					049DB9A62418241100CB0D4D = {
						CreatedOnToolsVersion = 11.3.1;
						TestTargetID = 049DB9822418241000CB0D4D;
					};
				};
			};
			buildConfigurationList = 049DB97E2418241000CB0D4D /* Build configuration list for PBXProject "SKIER" */;
			compatibilityVersion = "Xcode 9.3";
			developmentRegion = en;
			hasScannedForEncodings = 0;
			knownRegions = (
				en,
				Base,
			);
			mainGroup = 049DB97A2418241000CB0D4D;
			productRefGroup = 049DB9842418241000CB0D4D /* Products */;
			projectDirPath = "";
			projectRoot = "";
			targets = (
				049DB9822418241000CB0D4D /* SKIER */,
				049DB99B2418241100CB0D4D /* SKIERTests */,
				049DB9A62418241100CB0D4D /* SKIERUITests */,
			);
		};
/* End PBXProject section */

/* Begin PBXResourcesBuildPhase section */
		049DB9812418241000CB0D4D /* Resources */ = {
			isa = PBXResourcesBuildPhase;
			buildActionMask = 2147483647;
			files = (
				049DB9962418241100CB0D4D /* LaunchScreen.storyboard in Resources */,
				049DB9932418241100CB0D4D /* Assets.xcassets in Resources */,
				049DB98E2418241000CB0D4D /* Main.storyboard in Resources */,
			);
			runOnlyForDeploymentPostprocessing = 0;
		};
		049DB99A2418241100CB0D4D /* Resources */ = {
			isa = PBXResourcesBuildPhase;
			buildActionMask = 2147483647;
			files = (
			);
			runOnlyForDeploymentPostprocessing = 0;
		};
		049DB9A52418241100CB0D4D /* Resources */ = {
			isa = PBXResourcesBuildPhase;
			buildActionMask = 2147483647;
			files = (
			);
			runOnlyForDeploymentPostprocessing = 0;
		};
/* End PBXResourcesBuildPhase section */

/* Begin PBXSourcesBuildPhase section */
		049DB97F2418241000CB0D4D /* Sources */ = {
			isa = PBXSourcesBuildPhase;
			buildActionMask = 2147483647;
			files = (
				049DB9912418241000CB0D4D /* SKIER.xcdatamodeld in Sources */,
				049DB98B2418241000CB0D4D /* ViewController.swift in Sources */,
				049DB9872418241000CB0D4D /* AppDelegate.swift in Sources */,
				049DB9892418241000CB0D4D /* SceneDelegate.swift in Sources */,
			);
			runOnlyForDeploymentPostprocessing = 0;
		};
		049DB9982418241100CB0D4D /* Sources */ = {
			isa = PBXSourcesBuildPhase;
			buildActionMask = 2147483647;
			files = (
				049DB9A12418241100CB0D4D /* SKIERTests.swift in Sources */,
			);
			runOnlyForDeploymentPostprocessing = 0;
		};
		049DB9A32418241100CB0D4D /* Sources */ = {
			isa = PBXSourcesBuildPhase;
			buildActionMask = 2147483647;
			files = (
				049DB9AC2418241100CB0D4D /* SKIERUITests.swift in Sources */,
			);
			runOnlyForDeploymentPostprocessing = 0;
		};
/* End PBXSourcesBuildPhase section */

/* Begin PBXTargetDependency section */
		049DB99E2418241100CB0D4D /* PBXTargetDependency */ = {
			isa = PBXTargetDependency;
			target = 049DB9822418241000CB0D4D /* SKIER */;
			targetProxy = 049DB99D2418241100CB0D4D /* PBXContainerItemProxy */;
		};
		049DB9A92418241100CB0D4D /* PBXTargetDependency */ = {
			isa = PBXTargetDependency;
			target = 049DB9822418241000CB0D4D /* SKIER */;
			targetProxy = 049DB9A82418241100CB0D4D /* PBXContainerItemProxy */;
		};
/* End PBXTargetDependency section */

/* Begin PBXVariantGroup section */
		049DB98C2418241000CB0D4D /* Main.storyboard */ = {
			isa = PBXVariantGroup;
			children = (
				049DB98D2418241000CB0D4D /* Base */,
			);
			name = Main.storyboard;
			sourceTree = "<group>";
		};
		049DB9942418241100CB0D4D /* LaunchScreen.storyboard */ = {
			isa = PBXVariantGroup;
			children = (
				049DB9952418241100CB0D4D /* Base */,
			);
			name = LaunchScreen.storyboard;
			sourceTree = "<group>";
		};
/* End PBXVariantGroup section */

/* Begin XCBuildConfiguration section */
		049DB9AE2418241100CB0D4D /* Debug */ = {
			isa = XCBuildConfiguration;
			buildSettings = {
				ALWAYS_SEARCH_USER_PATHS = NO;
				CLANG_ANALYZER_NONNULL = YES;
				CLANG_ANALYZER_NUMBER_OBJECT_CONVERSION = YES_AGGRESSIVE;
				CLANG_CXX_LANGUAGE_STANDARD = "gnu++14";
				CLANG_CXX_LIBRARY = "libc++";
				CLANG_ENABLE_MODULES = YES;
				CLANG_ENABLE_OBJC_ARC = YES;
				CLANG_ENABLE_OBJC_WEAK = YES;
				CLANG_WARN_BLOCK_CAPTURE_AUTORELEASING = YES;
				CLANG_WARN_BOOL_CONVERSION = YES;
				CLANG_WARN_COMMA = YES;
				CLANG_WARN_CONSTANT_CONVERSION = YES;
				CLANG_WARN_DEPRECATED_OBJC_IMPLEMENTATIONS = YES;
				CLANG_WARN_DIRECT_OBJC_ISA_USAGE = YES_ERROR;
				CLANG_WARN_DOCUMENTATION_COMMENTS = YES;
				CLANG_WARN_EMPTY_BODY = YES;
				CLANG_WARN_ENUM_CONVERSION = YES;
				CLANG_WARN_INFINITE_RECURSION = YES;
				CLANG_WARN_INT_CONVERSION = YES;
				CLANG_WARN_NON_LITERAL_NULL_CONVERSION = YES;
				CLANG_WARN_OBJC_IMPLICIT_RETAIN_SELF = YES;
				CLANG_WARN_OBJC_LITERAL_CONVERSION = YES;
				CLANG_WARN_OBJC_ROOT_CLASS = YES_ERROR;
				CLANG_WARN_RANGE_LOOP_ANALYSIS = YES;
				CLANG_WARN_STRICT_PROTOTYPES = YES;
				CLANG_WARN_SUSPICIOUS_MOVE = YES;
				CLANG_WARN_UNGUARDED_AVAILABILITY = YES_AGGRESSIVE;
				CLANG_WARN_UNREACHABLE_CODE = YES;
				CLANG_WARN__DUPLICATE_METHOD_MATCH = YES;
				COPY_PHASE_STRIP = NO;
				DEBUG_INFORMATION_FORMAT = dwarf;
				ENABLE_STRICT_OBJC_MSGSEND = YES;
				ENABLE_TESTABILITY = YES;
				GCC_C_LANGUAGE_STANDARD = gnu11;
				GCC_DYNAMIC_NO_PIC = NO;
				GCC_NO_COMMON_BLOCKS = YES;
				GCC_OPTIMIZATION_LEVEL = 0;
				GCC_PREPROCESSOR_DEFINITIONS = (
					"DEBUG=1",
					"$(inherited)",
				);
				GCC_WARN_64_TO_32_BIT_CONVERSION = YES;
				GCC_WARN_ABOUT_RETURN_TYPE = YES_ERROR;
				GCC_WARN_UNDECLARED_SELECTOR = YES;
				GCC_WARN_UNINITIALIZED_AUTOS = YES_AGGRESSIVE;
				GCC_WARN_UNUSED_FUNCTION = YES;
				GCC_WARN_UNUSED_VARIABLE = YES;
				IPHONEOS_DEPLOYMENT_TARGET = 13.2;
				MTL_ENABLE_DEBUG_INFO = INCLUDE_SOURCE;
				MTL_FAST_MATH = YES;
				ONLY_ACTIVE_ARCH = YES;
				SDKROOT = iphoneos;
				SWIFT_ACTIVE_COMPILATION_CONDITIONS = DEBUG;
				SWIFT_OPTIMIZATION_LEVEL = "-Onone";
			};
			name = Debug;
		};
		049DB9AF2418241100CB0D4D /* Release */ = {
			isa = XCBuildConfiguration;
			buildSettings = {
				ALWAYS_SEARCH_USER_PATHS = NO;
				CLANG_ANALYZER_NONNULL = YES;
				CLANG_ANALYZER_NUMBER_OBJECT_CONVERSION = YES_AGGRESSIVE;
				CLANG_CXX_LANGUAGE_STANDARD = "gnu++14";
				CLANG_CXX_LIBRARY = "libc++";
				CLANG_ENABLE_MODULES = YES;
				CLANG_ENABLE_OBJC_ARC = YES;
				CLANG_ENABLE_OBJC_WEAK = YES;
				CLANG_WARN_BLOCK_CAPTURE_AUTORELEASING = YES;
				CLANG_WARN_BOOL_CONVERSION = YES;
				CLANG_WARN_COMMA = YES;
				CLANG_WARN_CONSTANT_CONVERSION = YES;
				CLANG_WARN_DEPRECATED_OBJC_IMPLEMENTATIONS = YES;
				CLANG_WARN_DIRECT_OBJC_ISA_USAGE = YES_ERROR;
				CLANG_WARN_DOCUMENTATION_COMMENTS = YES;
				CLANG_WARN_EMPTY_BODY = YES;
				CLANG_WARN_ENUM_CONVERSION = YES;
				CLANG_WARN_INFINITE_RECURSION = YES;
				CLANG_WARN_INT_CONVERSION = YES;
				CLANG_WARN_NON_LITERAL_NULL_CONVERSION = YES;
				CLANG_WARN_OBJC_IMPLICIT_RETAIN_SELF = YES;
				CLANG_WARN_OBJC_LITERAL_CONVERSION = YES;
				CLANG_WARN_OBJC_ROOT_CLASS = YES_ERROR;
				CLANG_WARN_RANGE_LOOP_ANALYSIS = YES;
				CLANG_WARN_STRICT_PROTOTYPES = YES;
				CLANG_WARN_SUSPICIOUS_MOVE = YES;
				CLANG_WARN_UNGUARDED_AVAILABILITY = YES_AGGRESSIVE;
				CLANG_WARN_UNREACHABLE_CODE = YES;
				CLANG_WARN__DUPLICATE_METHOD_MATCH = YES;
				COPY_PHASE_STRIP = NO;
				DEBUG_INFORMATION_FORMAT = "dwarf-with-dsym";
				ENABLE_NS_ASSERTIONS = NO;
				ENABLE_STRICT_OBJC_MSGSEND = YES;
				GCC_C_LANGUAGE_STANDARD = gnu11;
				GCC_NO_COMMON_BLOCKS = YES;
				GCC_WARN_64_TO_32_BIT_CONVERSION = YES;
				GCC_WARN_ABOUT_RETURN_TYPE = YES_ERROR;
				GCC_WARN_UNDECLARED_SELECTOR = YES;
				GCC_WARN_UNINITIALIZED_AUTOS = YES_AGGRESSIVE;
				GCC_WARN_UNUSED_FUNCTION = YES;
				GCC_WARN_UNUSED_VARIABLE = YES;
				IPHONEOS_DEPLOYMENT_TARGET = 13.2;
				MTL_ENABLE_DEBUG_INFO = NO;
				MTL_FAST_MATH = YES;
				SDKROOT = iphoneos;
				SWIFT_COMPILATION_MODE = wholemodule;
				SWIFT_OPTIMIZATION_LEVEL = "-O";
				VALIDATE_PRODUCT = YES;
			};
			name = Release;
		};
		049DB9B12418241100CB0D4D /* Debug */ = {
			isa = XCBuildConfiguration;
			buildSettings = {
				ASSETCATALOG_COMPILER_APPICON_NAME = AppIcon;
				CODE_SIGN_STYLE = Automatic;
				INFOPLIST_FILE = SKIER/Info.plist;
				LD_RUNPATH_SEARCH_PATHS = (
					"$(inherited)",
					"@executable_path/Frameworks",
				);
				PRODUCT_BUNDLE_IDENTIFIER = com.cazakh.SKIER;
				PRODUCT_NAME = "$(TARGET_NAME)";
				SWIFT_VERSION = 5.0;
				TARGETED_DEVICE_FAMILY = "1,2";
			};
			name = Debug;
		};
		049DB9B22418241100CB0D4D /* Release */ = {
			isa = XCBuildConfiguration;
			buildSettings = {
				ASSETCATALOG_COMPILER_APPICON_NAME = AppIcon;
				CODE_SIGN_STYLE = Automatic;
				INFOPLIST_FILE = SKIER/Info.plist;
				LD_RUNPATH_SEARCH_PATHS = (
					"$(inherited)",
					"@executable_path/Frameworks",
				);
				PRODUCT_BUNDLE_IDENTIFIER = com.cazakh.SKIER;
				PRODUCT_NAME = "$(TARGET_NAME)";
				SWIFT_VERSION = 5.0;
				TARGETED_DEVICE_FAMILY = "1,2";
			};
			name = Release;
		};
		049DB9B42418241100CB0D4D /* Debug */ = {
			isa = XCBuildConfiguration;
			buildSettings = {
				ALWAYS_EMBED_SWIFT_STANDARD_LIBRARIES = YES;
				BUNDLE_LOADER = "$(TEST_HOST)";
				CODE_SIGN_STYLE = Automatic;
				INFOPLIST_FILE = SKIERTests/Info.plist;
				IPHONEOS_DEPLOYMENT_TARGET = 13.2;
				LD_RUNPATH_SEARCH_PATHS = (
					"$(inherited)",
					"@executable_path/Frameworks",
					"@loader_path/Frameworks",
				);
				PRODUCT_BUNDLE_IDENTIFIER = com.cazakh.SKIERTests;
				PRODUCT_NAME = "$(TARGET_NAME)";
				SWIFT_VERSION = 5.0;
				TARGETED_DEVICE_FAMILY = "1,2";
				TEST_HOST = "$(BUILT_PRODUCTS_DIR)/SKIER.app/SKIER";
			};
			name = Debug;
		};
		049DB9B52418241100CB0D4D /* Release */ = {
			isa = XCBuildConfiguration;
			buildSettings = {
				ALWAYS_EMBED_SWIFT_STANDARD_LIBRARIES = YES;
				BUNDLE_LOADER = "$(TEST_HOST)";
				CODE_SIGN_STYLE = Automatic;
				INFOPLIST_FILE = SKIERTests/Info.plist;
				IPHONEOS_DEPLOYMENT_TARGET = 13.2;
				LD_RUNPATH_SEARCH_PATHS = (
					"$(inherited)",
					"@executable_path/Frameworks",
					"@loader_path/Frameworks",
				);
				PRODUCT_BUNDLE_IDENTIFIER = com.cazakh.SKIERTests;
				PRODUCT_NAME = "$(TARGET_NAME)";
				SWIFT_VERSION = 5.0;
				TARGETED_DEVICE_FAMILY = "1,2";
				TEST_HOST = "$(BUILT_PRODUCTS_DIR)/SKIER.app/SKIER";
			};
			name = Release;
		};
		049DB9B72418241100CB0D4D /* Debug */ = {
			isa = XCBuildConfiguration;
			buildSettings = {
				ALWAYS_EMBED_SWIFT_STANDARD_LIBRARIES = YES;
				CODE_SIGN_STYLE = Automatic;
				INFOPLIST_FILE = SKIERUITests/Info.plist;
				LD_RUNPATH_SEARCH_PATHS = (
					"$(inherited)",
					"@executable_path/Frameworks",
					"@loader_path/Frameworks",
				);
				PRODUCT_BUNDLE_IDENTIFIER = com.cazakh.SKIERUITests;
				PRODUCT_NAME = "$(TARGET_NAME)";
				SWIFT_VERSION = 5.0;
				TARGETED_DEVICE_FAMILY = "1,2";
				TEST_TARGET_NAME = SKIER;
			};
			name = Debug;
		};
		049DB9B82418241100CB0D4D /* Release */ = {
			isa = XCBuildConfiguration;
			buildSettings = {
				ALWAYS_EMBED_SWIFT_STANDARD_LIBRARIES = YES;
				CODE_SIGN_STYLE = Automatic;
				INFOPLIST_FILE = SKIERUITests/Info.plist;
				LD_RUNPATH_SEARCH_PATHS = (
					"$(inherited)",
					"@executable_path/Frameworks",
					"@loader_path/Frameworks",
				);
				PRODUCT_BUNDLE_IDENTIFIER = com.cazakh.SKIERUITests;
				PRODUCT_NAME = "$(TARGET_NAME)";
				SWIFT_VERSION = 5.0;
				TARGETED_DEVICE_FAMILY = "1,2";
				TEST_TARGET_NAME = SKIER;
			};
			name = Release;
		};
/* End XCBuildConfiguration section */

/* Begin XCConfigurationList section */
		049DB97E2418241000CB0D4D /* Build configuration list for PBXProject "SKIER" */ = {
			isa = XCConfigurationList;
			buildConfigurations = (
				049DB9AE2418241100CB0D4D /* Debug */,
				049DB9AF2418241100CB0D4D /* Release */,
			);
			defaultConfigurationIsVisible = 0;
			defaultConfigurationName = Release;
		};
		049DB9B02418241100CB0D4D /* Build configuration list for PBXNativeTarget "SKIER" */ = {
			isa = XCConfigurationList;
			buildConfigurations = (
				049DB9B12418241100CB0D4D /* Debug */,
				049DB9B22418241100CB0D4D /* Release */,
			);
			defaultConfigurationIsVisible = 0;
			defaultConfigurationName = Release;
		};
		049DB9B32418241100CB0D4D /* Build configuration list for PBXNativeTarget "SKIERTests" */ = {
			isa = XCConfigurationList;
			buildConfigurations = (
				049DB9B42418241100CB0D4D /* Debug */,
				049DB9B52418241100CB0D4D /* Release */,
			);
			defaultConfigurationIsVisible = 0;
			defaultConfigurationName = Release;
		};
		049DB9B62418241100CB0D4D /* Build configuration list for PBXNativeTarget "SKIERUITests" */ = {
			isa = XCConfigurationList;
			buildConfigurations = (
				049DB9B72418241100CB0D4D /* Debug */,
				049DB9B82418241100CB0D4D /* Release */,
			);
			defaultConfigurationIsVisible = 0;
			defaultConfigurationName = Release;
		};
/* End XCConfigurationList section */

/* Begin XCVersionGroup section */
		049DB98F2418241000CB0D4D /* SKIER.xcdatamodeld */ = {
			isa = XCVersionGroup;
			children = (
				049DB9902418241000CB0D4D /* SKIER.xcdatamodel */,
			);
			currentVersion = 049DB9902418241000CB0D4D /* SKIER.xcdatamodel */;
			path = SKIER.xcdatamodeld;
			sourceTree = "<group>";
			versionGroupType = wrapper.xcdatamodel;
		};
/* End XCVersionGroup section */
	};
	rootObject = 049DB97B2418241000CB0D4D /* Project object */;
}
